
Microsoft Visual Studio Solution File, Format Version 12.00
# Visual Studio Version 16
VisualStudioVersion = 16.0.29806.167
MinimumVisualStudioVersion = 10.0.40219.1
Project("{FAE04EC0-301F-11D3-BF4B-00C04F79EFBC}") = "Tips_o_Trix", "Tips_o_Trix\Tips_o_Trix.csproj", "{3AB80DB8-D0D8-427B-9146-DEC2513FA05A}"
EndProject
Project("{FAE04EC0-301F-11D3-BF4B-00C04F79EFBC}") = "TeamCSVfix", "TeamCSVfix\TeamCSVfix.csproj", "{C8BADC02-5B4F-4300-8435-44100AD7620F}"
EndProject
Project("{54435603-DBB4-11D2-8724-00A0C9A8B90C}") = "Setup1", "Setup1\Setup1.vdproj", "{0850F082-A1E1-4856-9B45-C936F7D32EA7}"
EndProject
Global
	GlobalSection(SolutionConfigurationPlatforms) = preSolution
		Debug|Any CPU = Debug|Any CPU
		Release|Any CPU = Release|Any CPU
	EndGlobalSection
	GlobalSection(ProjectConfigurationPlatforms) = postSolution
		{3AB80DB8-D0D8-427B-9146-DEC2513FA05A}.Debug|Any CPU.ActiveCfg = Debug|Any CPU
		{3AB80DB8-D0D8-427B-9146-DEC2513FA05A}.Debug|Any CPU.Build.0 = Debug|Any CPU
		{3AB80DB8-D0D8-427B-9146-DEC2513FA05A}.Release|Any CPU.ActiveCfg = Release|Any CPU
		{3AB80DB8-D0D8-427B-9146-DEC2513FA05A}.Release|Any CPU.Build.0 = Release|Any CPU
		{C8BADC02-5B4F-4300-8435-44100AD7620F}.Debug|Any CPU.ActiveCfg = Debug|Any CPU
		{C8BADC02-5B4F-4300-8435-44100AD7620F}.Debug|Any CPU.Build.0 = Debug|Any CPU
		{C8BADC02-5B4F-4300-8435-44100AD7620F}.Release|Any CPU.ActiveCfg = Release|Any CPU
		{C8BADC02-5B4F-4300-8435-44100AD7620F}.Release|Any CPU.Build.0 = Release|Any CPU
		{0850F082-A1E1-4856-9B45-C936F7D32EA7}.Debug|Any CPU.ActiveCfg = Debug
		{0850F082-A1E1-4856-9B45-C936F7D32EA7}.Release|Any CPU.ActiveCfg = Release
	EndGlobalSection
	GlobalSection(SolutionProperties) = preSolution
		HideSolutionNode = FALSE
	EndGlobalSection
	GlobalSection(ExtensibilityGlobals) = postSolution
		SolutionGuid = {C88F31EA-3DE6-41DE-B60A-552BE0E64E33}
	EndGlobalSection
EndGlobal
